// !$*UTF8*$!
{
	archiveVersion = 1;
	classes = {
	};
	objectVersion = 56;
	objects = {

/* Begin PBXBuildFile section */
		A7D6D0C62A0BA517004B2759 /* AppDelegate.m in Sources */ = {isa = PBXBuildFile; fileRef = A7D6D0C52A0BA517004B2759 /* AppDelegate.m */; };
		A7D6D0C92A0BA517004B2759 /* SceneDelegate.m in Sources */ = {isa = PBXBuildFile; fileRef = A7D6D0C82A0BA517004B2759 /* SceneDelegate.m */; };
		A7D6D0CC2A0BA517004B2759 /* ViewController.m in Sources */ = {isa = PBXBuildFile; fileRef = A7D6D0CB2A0BA517004B2759 /* ViewController.m */; };
		A7D6D0CF2A0BA517004B2759 /* Main.storyboard in Resources */ = {isa = PBXBuildFile; fileRef = A7D6D0CD2A0BA517004B2759 /* Main.storyboard */; };
		A7D6D0D22A0BA517004B2759 /* iOS.xcdatamodeld in Sources */ = {isa = PBXBuildFile; fileRef = A7D6D0D02A0BA517004B2759 /* iOS.xcdatamodeld */; };
		A7D6D0D42A0BA517004B2759 /* Assets.xcassets in Resources */ = {isa = PBXBuildFile; fileRef = A7D6D0D32A0BA517004B2759 /* Assets.xcassets */; };
		A7D6D0D72A0BA517004B2759 /* LaunchScreen.storyboard in Resources */ = {isa = PBXBuildFile; fileRef = A7D6D0D52A0BA517004B2759 /* LaunchScreen.storyboard */; };
		A7D6D0DA2A0BA517004B2759 /* main.m in Sources */ = {isa = PBXBuildFile; fileRef = A7D6D0D92A0BA517004B2759 /* main.m */; };
		A7D6D0E22A0BA910004B2759 /* AppPrincipal.m in Sources */ = {isa = PBXBuildFile; fileRef = A7D6D0E12A0BA910004B2759 /* AppPrincipal.m */; };
/* End PBXBuildFile section */

/* Begin PBXFileReference section */
		A7D6D0C12A0BA517004B2759 /* iOS.app */ = {isa = PBXFileReference; explicitFileType = wrapper.application; includeInIndex = 0; path = iOS.app; sourceTree = BUILT_PRODUCTS_DIR; };
		A7D6D0C42A0BA517004B2759 /* AppDelegate.h */ = {isa = PBXFileReference; lastKnownFileType = sourcecode.c.h; path = AppDelegate.h; sourceTree = "<group>"; };
		A7D6D0C52A0BA517004B2759 /* AppDelegate.m */ = {isa = PBXFileReference; lastKnownFileType = sourcecode.c.objc; path = AppDelegate.m; sourceTree = "<group>"; };
		A7D6D0C72A0BA517004B2759 /* SceneDelegate.h */ = {isa = PBXFileReference; lastKnownFileType = sourcecode.c.h; path = SceneDelegate.h; sourceTree = "<group>"; };
		A7D6D0C82A0BA517004B2759 /* SceneDelegate.m */ = {isa = PBXFileReference; lastKnownFileType = sourcecode.c.objc; path = SceneDelegate.m; sourceTree = "<group>"; };
		A7D6D0CA2A0BA517004B2759 /* ViewController.h */ = {isa = PBXFileReference; lastKnownFileType = sourcecode.c.h; path = ViewController.h; sourceTree = "<group>"; };
		A7D6D0CB2A0BA517004B2759 /* ViewController.m */ = {isa = PBXFileReference; lastKnownFileType = sourcecode.c.objc; path = ViewController.m; sourceTree = "<group>"; };
		A7D6D0CE2A0BA517004B2759 /* Base */ = {isa = PBXFileReference; lastKnownFileType = file.storyboard; name = Base; path = Base.lproj/Main.storyboard; sourceTree = "<group>"; };
		A7D6D0D12A0BA517004B2759 /* iOS.xcdatamodel */ = {isa = PBXFileReference; lastKnownFileType = wrapper.xcdatamodel; path = iOS.xcdatamodel; sourceTree = "<group>"; };
		A7D6D0D32A0BA517004B2759 /* Assets.xcassets */ = {isa = PBXFileReference; lastKnownFileType = folder.assetcatalog; path = Assets.xcassets; sourceTree = "<group>"; };
		A7D6D0D62A0BA517004B2759 /* Base */ = {isa = PBXFileReference; lastKnownFileType = file.storyboard; name = Base; path = Base.lproj/LaunchScreen.storyboard; sourceTree = "<group>"; };
		A7D6D0D82A0BA517004B2759 /* Info.plist */ = {isa = PBXFileReference; lastKnownFileType = text.plist.xml; path = Info.plist; sourceTree = "<group>"; };
		A7D6D0D92A0BA517004B2759 /* main.m */ = {isa = PBXFileReference; lastKnownFileType = sourcecode.c.objc; path = main.m; sourceTree = "<group>"; };
		A7D6D0E02A0BA910004B2759 /* AppPrincipal.h */ = {isa = PBXFileReference; lastKnownFileType = sourcecode.c.h; path = AppPrincipal.h; sourceTree = "<group>"; };
		A7D6D0E12A0BA910004B2759 /* AppPrincipal.m */ = {isa = PBXFileReference; lastKnownFileType = sourcecode.c.objc; path = AppPrincipal.m; sourceTree = "<group>"; };
/* End PBXFileReference section */

/* Begin PBXFrameworksBuildPhase section */
		A7D6D0BE2A0BA517004B2759 /* Frameworks */ = {
			isa = PBXFrameworksBuildPhase;
			buildActionMask = 2147483647;
			files = (
			);
			runOnlyForDeploymentPostprocessing = 0;
		};
/* End PBXFrameworksBuildPhase section */

/* Begin PBXGroup section */
		A7D6D0B82A0BA517004B2759 = {
			isa = PBXGroup;
			children = (
				A7D6D0C32A0BA517004B2759 /* iOS */,
				A7D6D0C22A0BA517004B2759 /* Products */,
			);
			sourceTree = "<group>";
		};
		A7D6D0C22A0BA517004B2759 /* Products */ = {
			isa = PBXGroup;
			children = (
				A7D6D0C12A0BA517004B2759 /* iOS.app */,
			);
			name = Products;
			sourceTree = "<group>";
		};
		A7D6D0C32A0BA517004B2759 /* iOS */ = {
			isa = PBXGroup;
			children = (
				A7D6D0C42A0BA517004B2759 /* AppDelegate.h */,
				A7D6D0C52A0BA517004B2759 /* AppDelegate.m */,
				A7D6D0C72A0BA517004B2759 /* SceneDelegate.h */,
				A7D6D0C82A0BA517004B2759 /* SceneDelegate.m */,
				A7D6D0CA2A0BA517004B2759 /* ViewController.h */,
				A7D6D0CB2A0BA517004B2759 /* ViewController.m */,
				A7D6D0CD2A0BA517004B2759 /* Main.storyboard */,
				A7D6D0D32A0BA517004B2759 /* Assets.xcassets */,
				A7D6D0D52A0BA517004B2759 /* LaunchScreen.storyboard */,
				A7D6D0D82A0BA517004B2759 /* Info.plist */,
				A7D6D0D92A0BA517004B2759 /* main.m */,
				A7D6D0D02A0BA517004B2759 /* iOS.xcdatamodeld */,
				A7D6D0E02A0BA910004B2759 /* AppPrincipal.h */,
				A7D6D0E12A0BA910004B2759 /* AppPrincipal.m */,
			);
			path = iOS;
			sourceTree = "<group>";
		};
/* End PBXGroup section */

/* Begin PBXNativeTarget section */
		A7D6D0C02A0BA517004B2759 /* iOS */ = {
			isa = PBXNativeTarget;
			buildConfigurationList = A7D6D0DD2A0BA517004B2759 /* Build configuration list for PBXNativeTarget "iOS" */;
			buildPhases = (
				A7D6D0BD2A0BA517004B2759 /* Sources */,
				A7D6D0BE2A0BA517004B2759 /* Frameworks */,
				A7D6D0BF2A0BA517004B2759 /* Resources */,
			);
			buildRules = (
			);
			dependencies = (
			);
			name = iOS;
			productName = iOS;
			productReference = A7D6D0C12A0BA517004B2759 /* iOS.app */;
			productType = "com.apple.product-type.application";
		};
/* End PBXNativeTarget section */

/* Begin PBXProject section */
		A7D6D0B92A0BA517004B2759 /* Project object */ = {
			isa = PBXProject;
			attributes = {
				BuildIndependentTargetsInParallel = 1;
				LastUpgradeCheck = 1430;
				TargetAttributes = {
					A7D6D0C02A0BA517004B2759 = {
						CreatedOnToolsVersion = 14.3;
					};
				};
			};
			buildConfigurationList = A7D6D0BC2A0BA517004B2759 /* Build configuration list for PBXProject "iOS" */;
			compatibilityVersion = "Xcode 14.0";
			developmentRegion = en;
			hasScannedForEncodings = 0;
			knownRegions = (
				en,
				Base,
			);
			mainGroup = A7D6D0B82A0BA517004B2759;
			productRefGroup = A7D6D0C22A0BA517004B2759 /* Products */;
			projectDirPath = "";
			projectRoot = "";
			targets = (
				A7D6D0C02A0BA517004B2759 /* iOS */,
			);
		};
/* End PBXProject section */

/* Begin PBXResourcesBuildPhase section */
		A7D6D0BF2A0BA517004B2759 /* Resources */ = {
			isa = PBXResourcesBuildPhase;
			buildActionMask = 2147483647;
			files = (
				A7D6D0D72A0BA517004B2759 /* LaunchScreen.storyboard in Resources */,
				A7D6D0D42A0BA517004B2759 /* Assets.xcassets in Resources */,
				A7D6D0CF2A0BA517004B2759 /* Main.storyboard in Resources */,
			);
			runOnlyForDeploymentPostprocessing = 0;
		};
/* End PBXResourcesBuildPhase section */

/* Begin PBXSourcesBuildPhase section */
		A7D6D0BD2A0BA517004B2759 /* Sources */ = {
			isa = PBXSourcesBuildPhase;
			buildActionMask = 2147483647;
			files = (
				A7D6D0DA2A0BA517004B2759 /* main.m in Sources */,
				A7D6D0CC2A0BA517004B2759 /* ViewController.m in Sources */,
				A7D6D0C62A0BA517004B2759 /* AppDelegate.m in Sources */,
				A7D6D0C92A0BA517004B2759 /* SceneDelegate.m in Sources */,
				A7D6D0E22A0BA910004B2759 /* AppPrincipal.m in Sources */,
				A7D6D0D22A0BA517004B2759 /* iOS.xcdatamodeld in Sources */,
			);
			runOnlyForDeploymentPostprocessing = 0;
		};
/* End PBXSourcesBuildPhase section */

/* Begin PBXVariantGroup section */
		A7D6D0CD2A0BA517004B2759 /* Main.storyboard */ = {
			isa = PBXVariantGroup;
			children = (
				A7D6D0CE2A0BA517004B2759 /* Base */,
			);
			name = Main.storyboard;
			sourceTree = "<group>";
		};
		A7D6D0D52A0BA517004B2759 /* LaunchScreen.storyboard */ = {
			isa = PBXVariantGroup;
			children = (
				A7D6D0D62A0BA517004B2759 /* Base */,
			);
			name = LaunchScreen.storyboard;
			sourceTree = "<group>";
		};
/* End PBXVariantGroup section */

/* Begin XCBuildConfiguration section */
		A7D6D0DB2A0BA517004B2759 /* Debug */ = {
			isa = XCBuildConfiguration;
			buildSettings = {
				ALWAYS_SEARCH_USER_PATHS = NO;
				CLANG_ANALYZER_NONNULL = YES;
				CLANG_ANALYZER_NUMBER_OBJECT_CONVERSION = YES_AGGRESSIVE;
				CLANG_CXX_LANGUAGE_STANDARD = "gnu++20";
				CLANG_ENABLE_MODULES = YES;
				CLANG_ENABLE_OBJC_ARC = YES;
				CLANG_ENABLE_OBJC_WEAK = YES;
				CLANG_WARN_BLOCK_CAPTURE_AUTORELEASING = YES;
				CLANG_WARN_BOOL_CONVERSION = YES;
				CLANG_WARN_COMMA = YES;
				CLANG_WARN_CONSTANT_CONVERSION = YES;
				CLANG_WARN_DEPRECATED_OBJC_IMPLEMENTATIONS = YES;
				CLANG_WARN_DIRECT_OBJC_ISA_USAGE = YES_ERROR;
				CLANG_WARN_DOCUMENTATION_COMMENTS = YES;
				CLANG_WARN_EMPTY_BODY = YES;
				CLANG_WARN_ENUM_CONVERSION = YES;
				CLANG_WARN_INFINITE_RECURSION = YES;
				CLANG_WARN_INT_CONVERSION = YES;
				CLANG_WARN_NON_LITERAL_NULL_CONVERSION = YES;
				CLANG_WARN_OBJC_IMPLICIT_RETAIN_SELF = YES;
				CLANG_WARN_OBJC_LITERAL_CONVERSION = YES;
				CLANG_WARN_OBJC_ROOT_CLASS = YES_ERROR;
				CLANG_WARN_QUOTED_INCLUDE_IN_FRAMEWORK_HEADER = YES;
				CLANG_WARN_RANGE_LOOP_ANALYSIS = YES;
				CLANG_WARN_STRICT_PROTOTYPES = YES;
				CLANG_WARN_SUSPICIOUS_MOVE = YES;
				CLANG_WARN_UNGUARDED_AVAILABILITY = YES_AGGRESSIVE;
				CLANG_WARN_UNREACHABLE_CODE = YES;
				CLANG_WARN__DUPLICATE_METHOD_MATCH = YES;
				COPY_PHASE_STRIP = NO;
				DEBUG_INFORMATION_FORMAT = dwarf;
				ENABLE_STRICT_OBJC_MSGSEND = YES;
				ENABLE_TESTABILITY = YES;
				GCC_C_LANGUAGE_STANDARD = gnu11;
				GCC_DYNAMIC_NO_PIC = NO;
				GCC_NO_COMMON_BLOCKS = YES;
				GCC_OPTIMIZATION_LEVEL = 0;
				GCC_PREPROCESSOR_DEFINITIONS = (
					"DEBUG=1",
					"$(inherited)",
				);
				GCC_WARN_64_TO_32_BIT_CONVERSION = YES;
				GCC_WARN_ABOUT_RETURN_TYPE = YES_ERROR;
				GCC_WARN_UNDECLARED_SELECTOR = YES;
				GCC_WARN_UNINITIALIZED_AUTOS = YES_AGGRESSIVE;
				GCC_WARN_UNUSED_FUNCTION = YES;
				GCC_WARN_UNUSED_VARIABLE = YES;
				IPHONEOS_DEPLOYMENT_TARGET = 16.4;
				MTL_ENABLE_DEBUG_INFO = INCLUDE_SOURCE;
				MTL_FAST_MATH = YES;
				ONLY_ACTIVE_ARCH = YES;
				SDKROOT = iphoneos;
			};
			name = Debug;
		};
		A7D6D0DC2A0BA517004B2759 /* Release */ = {
			isa = XCBuildConfiguration;
			buildSettings = {
				ALWAYS_SEARCH_USER_PATHS = NO;
				CLANG_ANALYZER_NONNULL = YES;
				CLANG_ANALYZER_NUMBER_OBJECT_CONVERSION = YES_AGGRESSIVE;
				CLANG_CXX_LANGUAGE_STANDARD = "gnu++20";
				CLANG_ENABLE_MODULES = YES;
				CLANG_ENABLE_OBJC_ARC = YES;
				CLANG_ENABLE_OBJC_WEAK = YES;
				CLANG_WARN_BLOCK_CAPTURE_AUTORELEASING = YES;
				CLANG_WARN_BOOL_CONVERSION = YES;
				CLANG_WARN_COMMA = YES;
				CLANG_WARN_CONSTANT_CONVERSION = YES;
				CLANG_WARN_DEPRECATED_OBJC_IMPLEMENTATIONS = YES;
				CLANG_WARN_DIRECT_OBJC_ISA_USAGE = YES_ERROR;
				CLANG_WARN_DOCUMENTATION_COMMENTS = YES;
				CLANG_WARN_EMPTY_BODY = YES;
				CLANG_WARN_ENUM_CONVERSION = YES;
				CLANG_WARN_INFINITE_RECURSION = YES;
				CLANG_WARN_INT_CONVERSION = YES;
				CLANG_WARN_NON_LITERAL_NULL_CONVERSION = YES;
				CLANG_WARN_OBJC_IMPLICIT_RETAIN_SELF = YES;
				CLANG_WARN_OBJC_LITERAL_CONVERSION = YES;
				CLANG_WARN_OBJC_ROOT_CLASS = YES_ERROR;
				CLANG_WARN_QUOTED_INCLUDE_IN_FRAMEWORK_HEADER = YES;
				CLANG_WARN_RANGE_LOOP_ANALYSIS = YES;
				CLANG_WARN_STRICT_PROTOTYPES = YES;
				CLANG_WARN_SUSPICIOUS_MOVE = YES;
				CLANG_WARN_UNGUARDED_AVAILABILITY = YES_AGGRESSIVE;
				CLANG_WARN_UNREACHABLE_CODE = YES;
				CLANG_WARN__DUPLICATE_METHOD_MATCH = YES;
				COPY_PHASE_STRIP = NO;
				DEBUG_INFORMATION_FORMAT = "dwarf-with-dsym";
				ENABLE_NS_ASSERTIONS = NO;
				ENABLE_STRICT_OBJC_MSGSEND = YES;
				GCC_C_LANGUAGE_STANDARD = gnu11;
				GCC_NO_COMMON_BLOCKS = YES;
				GCC_WARN_64_TO_32_BIT_CONVERSION = YES;
				GCC_WARN_ABOUT_RETURN_TYPE = YES_ERROR;
				GCC_WARN_UNDECLARED_SELECTOR = YES;
				GCC_WARN_UNINITIALIZED_AUTOS = YES_AGGRESSIVE;
				GCC_WARN_UNUSED_FUNCTION = YES;
				GCC_WARN_UNUSED_VARIABLE = YES;
				IPHONEOS_DEPLOYMENT_TARGET = 16.4;
				MTL_ENABLE_DEBUG_INFO = NO;
				MTL_FAST_MATH = YES;
				SDKROOT = iphoneos;
				VALIDATE_PRODUCT = YES;
			};
			name = Release;
		};
		A7D6D0DE2A0BA517004B2759 /* Debug */ = {
			isa = XCBuildConfiguration;
			buildSettings = {
				ASSETCATALOG_COMPILER_APPICON_NAME = AppIcon;
				ASSETCATALOG_COMPILER_GLOBAL_ACCENT_COLOR_NAME = AccentColor;
				CODE_SIGN_STYLE = Automatic;
				CURRENT_PROJECT_VERSION = 1;
				DEVELOPMENT_TEAM = 7KL229WTN6;
				GENERATE_INFOPLIST_FILE = YES;
				INFOPLIST_FILE = iOS/Info.plist;
				INFOPLIST_KEY_UIApplicationSupportsIndirectInputEvents = YES;
				INFOPLIST_KEY_UILaunchStoryboardName = LaunchScreen;
				INFOPLIST_KEY_UIMainStoryboardFile = Main;
				INFOPLIST_KEY_UISupportedInterfaceOrientations_iPad = "UIInterfaceOrientationPortrait UIInterfaceOrientationPortraitUpsideDown UIInterfaceOrientationLandscapeLeft UIInterfaceOrientationLandscapeRight";
				INFOPLIST_KEY_UISupportedInterfaceOrientations_iPhone = "UIInterfaceOrientationPortrait UIInterfaceOrientationLandscapeLeft UIInterfaceOrientationLandscapeRight";
				LD_RUNPATH_SEARCH_PATHS = (
					"$(inherited)",
					"@executable_path/Frameworks",
				);
				MARKETING_VERSION = 1.0;
				PRODUCT_BUNDLE_IDENTIFIER = "com.how-do-i-get-your-attention.iOS";
				PRODUCT_NAME = "$(TARGET_NAME)";
				SWIFT_EMIT_LOC_STRINGS = YES;
				TARGETED_DEVICE_FAMILY = "1,2";
			};
			name = Debug;
		};
		A7D6D0DF2A0BA517004B2759 /* Release */ = {
			isa = XCBuildConfiguration;
			buildSettings = {
				ASSETCATALOG_COMPILER_APPICON_NAME = AppIcon;
				ASSETCATALOG_COMPILER_GLOBAL_ACCENT_COLOR_NAME = AccentColor;
				CODE_SIGN_STYLE = Automatic;
				CURRENT_PROJECT_VERSION = 1;
				DEVELOPMENT_TEAM = 7KL229WTN6;
				GENERATE_INFOPLIST_FILE = YES;
				INFOPLIST_FILE = iOS/Info.plist;
				INFOPLIST_KEY_UIApplicationSupportsIndirectInputEvents = YES;
				INFOPLIST_KEY_UILaunchStoryboardName = LaunchScreen;
				INFOPLIST_KEY_UIMainStoryboardFile = Main;
				INFOPLIST_KEY_UISupportedInterfaceOrientations_iPad = "UIInterfaceOrientationPortrait UIInterfaceOrientationPortraitUpsideDown UIInterfaceOrientationLandscapeLeft UIInterfaceOrientationLandscapeRight";
				INFOPLIST_KEY_UISupportedInterfaceOrientations_iPhone = "UIInterfaceOrientationPortrait UIInterfaceOrientationLandscapeLeft UIInterfaceOrientationLandscapeRight";
				LD_RUNPATH_SEARCH_PATHS = (
					"$(inherited)",
					"@executable_path/Frameworks",
				);
				MARKETING_VERSION = 1.0;
				PRODUCT_BUNDLE_IDENTIFIER = "com.how-do-i-get-your-attention.iOS";
				PRODUCT_NAME = "$(TARGET_NAME)";
				SWIFT_EMIT_LOC_STRINGS = YES;
				TARGETED_DEVICE_FAMILY = "1,2";
			};
			name = Release;
		};
/* End XCBuildConfiguration section */

/* Begin XCConfigurationList section */
		A7D6D0BC2A0BA517004B2759 /* Build configuration list for PBXProject "iOS" */ = {
			isa = XCConfigurationList;
			buildConfigurations = (
				A7D6D0DB2A0BA517004B2759 /* Debug */,
				A7D6D0DC2A0BA517004B2759 /* Release */,
			);
			defaultConfigurationIsVisible = 0;
			defaultConfigurationName = Release;
		};
		A7D6D0DD2A0BA517004B2759 /* Build configuration list for PBXNativeTarget "iOS" */ = {
			isa = XCConfigurationList;
			buildConfigurations = (
				A7D6D0DE2A0BA517004B2759 /* Debug */,
				A7D6D0DF2A0BA517004B2759 /* Release */,
			);
			defaultConfigurationIsVisible = 0;
			defaultConfigurationName = Release;
		};
/* End XCConfigurationList section */

/* Begin XCVersionGroup section */
		A7D6D0D02A0BA517004B2759 /* iOS.xcdatamodeld */ = {
			isa = XCVersionGroup;
			children = (
				A7D6D0D12A0BA517004B2759 /* iOS.xcdatamodel */,
			);
			currentVersion = A7D6D0D12A0BA517004B2759 /* iOS.xcdatamodel */;
			path = iOS.xcdatamodeld;
			sourceTree = "<group>";
			versionGroupType = wrapper.xcdatamodel;
		};
/* End XCVersionGroup section */
	};
	rootObject = A7D6D0B92A0BA517004B2759 /* Project object */;
}
