// !$*UTF8*$!
{
	archiveVersion = 1;
	classes = {
	};
	objectVersion = 56;
	objects = {

/* Begin PBXBuildFile section */
		A77E6FA62A0A56F500BAB472 /* watchos Watch App.app in Embed Watch Content */ = {isa = PBXBuildFile; fileRef = A77E6FA52A0A56F500BAB472 /* watchos Watch App.app */; settings = {ATTRIBUTES = (RemoveHeadersOnCopy, ); }; };
		A77E6FAB2A0A56F500BAB472 /* watchosApp.swift in Sources */ = {isa = PBXBuildFile; fileRef = A77E6FAA2A0A56F500BAB472 /* watchosApp.swift */; };
		A77E6FAD2A0A56F500BAB472 /* ContentView.swift in Sources */ = {isa = PBXBuildFile; fileRef = A77E6FAC2A0A56F500BAB472 /* ContentView.swift */; };
		A77E6FAF2A0A56F500BAB472 /* Assets.xcassets in Resources */ = {isa = PBXBuildFile; fileRef = A77E6FAE2A0A56F500BAB472 /* Assets.xcassets */; };
		A77E6FB22A0A56F500BAB472 /* Preview Assets.xcassets in Resources */ = {isa = PBXBuildFile; fileRef = A77E6FB12A0A56F500BAB472 /* Preview Assets.xcassets */; };
/* End PBXBuildFile section */

/* Begin PBXContainerItemProxy section */
		A77E6FA72A0A56F500BAB472 /* PBXContainerItemProxy */ = {
			isa = PBXContainerItemProxy;
			containerPortal = A77E6F992A0A56F400BAB472 /* Project object */;
			proxyType = 1;
			remoteGlobalIDString = A77E6FA42A0A56F400BAB472;
			remoteInfo = "watchos Watch App";
		};
/* End PBXContainerItemProxy section */

/* Begin PBXCopyFilesBuildPhase section */
		A77E6FB82A0A56F600BAB472 /* Embed Watch Content */ = {
			isa = PBXCopyFilesBuildPhase;
			buildActionMask = 2147483647;
			dstPath = "$(CONTENTS_FOLDER_PATH)/Watch";
			dstSubfolderSpec = 16;
			files = (
				A77E6FA62A0A56F500BAB472 /* watchos Watch App.app in Embed Watch Content */,
			);
			name = "Embed Watch Content";
			runOnlyForDeploymentPostprocessing = 0;
		};
/* End PBXCopyFilesBuildPhase section */

/* Begin PBXFileReference section */
		A77E6F9F2A0A56F400BAB472 /* watchos.app */ = {isa = PBXFileReference; explicitFileType = wrapper.application; includeInIndex = 0; path = watchos.app; sourceTree = BUILT_PRODUCTS_DIR; };
		A77E6FA52A0A56F500BAB472 /* watchos Watch App.app */ = {isa = PBXFileReference; explicitFileType = wrapper.application; includeInIndex = 0; path = "watchos Watch App.app"; sourceTree = BUILT_PRODUCTS_DIR; };
		A77E6FAA2A0A56F500BAB472 /* watchosApp.swift */ = {isa = PBXFileReference; lastKnownFileType = sourcecode.swift; path = watchosApp.swift; sourceTree = "<group>"; };
		A77E6FAC2A0A56F500BAB472 /* ContentView.swift */ = {isa = PBXFileReference; lastKnownFileType = sourcecode.swift; path = ContentView.swift; sourceTree = "<group>"; };
		A77E6FAE2A0A56F500BAB472 /* Assets.xcassets */ = {isa = PBXFileReference; lastKnownFileType = folder.assetcatalog; path = Assets.xcassets; sourceTree = "<group>"; };
		A77E6FB12A0A56F500BAB472 /* Preview Assets.xcassets */ = {isa = PBXFileReference; lastKnownFileType = folder.assetcatalog; path = "Preview Assets.xcassets"; sourceTree = "<group>"; };
/* End PBXFileReference section */

/* Begin PBXFrameworksBuildPhase section */
		A77E6FA22A0A56F400BAB472 /* Frameworks */ = {
			isa = PBXFrameworksBuildPhase;
			buildActionMask = 2147483647;
			files = (
			);
			runOnlyForDeploymentPostprocessing = 0;
		};
/* End PBXFrameworksBuildPhase section */

/* Begin PBXGroup section */
		A77E6F982A0A56F400BAB472 = {
			isa = PBXGroup;
			children = (
				A77E6FA92A0A56F500BAB472 /* watchos Watch App */,
				A77E6FA02A0A56F400BAB472 /* Products */,
			);
			sourceTree = "<group>";
		};
		A77E6FA02A0A56F400BAB472 /* Products */ = {
			isa = PBXGroup;
			children = (
				A77E6F9F2A0A56F400BAB472 /* watchos.app */,
				A77E6FA52A0A56F500BAB472 /* watchos Watch App.app */,
			);
			name = Products;
			sourceTree = "<group>";
		};
		A77E6FA92A0A56F500BAB472 /* watchos Watch App */ = {
			isa = PBXGroup;
			children = (
				A77E6FAA2A0A56F500BAB472 /* watchosApp.swift */,
				A77E6FAC2A0A56F500BAB472 /* ContentView.swift */,
				A77E6FAE2A0A56F500BAB472 /* Assets.xcassets */,
				A77E6FB02A0A56F500BAB472 /* Preview Content */,
			);
			path = "watchos Watch App";
			sourceTree = "<group>";
		};
		A77E6FB02A0A56F500BAB472 /* Preview Content */ = {
			isa = PBXGroup;
			children = (
				A77E6FB12A0A56F500BAB472 /* Preview Assets.xcassets */,
			);
			path = "Preview Content";
			sourceTree = "<group>";
		};
/* End PBXGroup section */

/* Begin PBXNativeTarget section */
		A77E6F9E2A0A56F400BAB472 /* watchos */ = {
			isa = PBXNativeTarget;
			buildConfigurationList = A77E6FB92A0A56F600BAB472 /* Build configuration list for PBXNativeTarget "watchos" */;
			buildPhases = (
				A77E6F9D2A0A56F400BAB472 /* Resources */,
				A77E6FB82A0A56F600BAB472 /* Embed Watch Content */,
			);
			buildRules = (
			);
			dependencies = (
				A77E6FA82A0A56F500BAB472 /* PBXTargetDependency */,
			);
			name = watchos;
			productName = watchos;
			productReference = A77E6F9F2A0A56F400BAB472 /* watchos.app */;
			productType = "com.apple.product-type.application.watchapp2-container";
		};
		A77E6FA42A0A56F400BAB472 /* watchos Watch App */ = {
			isa = PBXNativeTarget;
			buildConfigurationList = A77E6FB52A0A56F600BAB472 /* Build configuration list for PBXNativeTarget "watchos Watch App" */;
			buildPhases = (
				A77E6FA12A0A56F400BAB472 /* Sources */,
				A77E6FA22A0A56F400BAB472 /* Frameworks */,
				A77E6FA32A0A56F400BAB472 /* Resources */,
			);
			buildRules = (
			);
			dependencies = (
			);
			name = "watchos Watch App";
			productName = "watchos Watch App";
			productReference = A77E6FA52A0A56F500BAB472 /* watchos Watch App.app */;
			productType = "com.apple.product-type.application";
		};
/* End PBXNativeTarget section */

/* Begin PBXProject section */
		A77E6F992A0A56F400BAB472 /* Project object */ = {
			isa = PBXProject;
			attributes = {
				BuildIndependentTargetsInParallel = 1;
				LastSwiftUpdateCheck = 1430;
				LastUpgradeCheck = 1430;
				TargetAttributes = {
					A77E6F9E2A0A56F400BAB472 = {
						CreatedOnToolsVersion = 14.3;
					};
					A77E6FA42A0A56F400BAB472 = {
						CreatedOnToolsVersion = 14.3;
					};
				};
			};
			buildConfigurationList = A77E6F9C2A0A56F400BAB472 /* Build configuration list for PBXProject "watchos" */;
			compatibilityVersion = "Xcode 14.0";
			developmentRegion = en;
			hasScannedForEncodings = 0;
			knownRegions = (
				en,
				Base,
			);
			mainGroup = A77E6F982A0A56F400BAB472;
			productRefGroup = A77E6FA02A0A56F400BAB472 /* Products */;
			projectDirPath = "";
			projectRoot = "";
			targets = (
				A77E6F9E2A0A56F400BAB472 /* watchos */,
				A77E6FA42A0A56F400BAB472 /* watchos Watch App */,
			);
		};
/* End PBXProject section */

/* Begin PBXResourcesBuildPhase section */
		A77E6F9D2A0A56F400BAB472 /* Resources */ = {
			isa = PBXResourcesBuildPhase;
			buildActionMask = 2147483647;
			files = (
			);
			runOnlyForDeploymentPostprocessing = 0;
		};
		A77E6FA32A0A56F400BAB472 /* Resources */ = {
			isa = PBXResourcesBuildPhase;
			buildActionMask = 2147483647;
			files = (
				A77E6FB22A0A56F500BAB472 /* Preview Assets.xcassets in Resources */,
				A77E6FAF2A0A56F500BAB472 /* Assets.xcassets in Resources */,
			);
			runOnlyForDeploymentPostprocessing = 0;
		};
/* End PBXResourcesBuildPhase section */

/* Begin PBXSourcesBuildPhase section */
		A77E6FA12A0A56F400BAB472 /* Sources */ = {
			isa = PBXSourcesBuildPhase;
			buildActionMask = 2147483647;
			files = (
				A77E6FAD2A0A56F500BAB472 /* ContentView.swift in Sources */,
				A77E6FAB2A0A56F500BAB472 /* watchosApp.swift in Sources */,
			);
			runOnlyForDeploymentPostprocessing = 0;
		};
/* End PBXSourcesBuildPhase section */

/* Begin PBXTargetDependency section */
		A77E6FA82A0A56F500BAB472 /* PBXTargetDependency */ = {
			isa = PBXTargetDependency;
			target = A77E6FA42A0A56F400BAB472 /* watchos Watch App */;
			targetProxy = A77E6FA72A0A56F500BAB472 /* PBXContainerItemProxy */;
		};
/* End PBXTargetDependency section */

/* Begin XCBuildConfiguration section */
		A77E6FB32A0A56F500BAB472 /* Debug */ = {
			isa = XCBuildConfiguration;
			buildSettings = {
				ALWAYS_SEARCH_USER_PATHS = NO;
				CLANG_ANALYZER_NONNULL = YES;
				CLANG_ANALYZER_NUMBER_OBJECT_CONVERSION = YES_AGGRESSIVE;
				CLANG_CXX_LANGUAGE_STANDARD = "gnu++20";
				CLANG_ENABLE_MODULES = YES;
				CLANG_ENABLE_OBJC_ARC = YES;
				CLANG_ENABLE_OBJC_WEAK = YES;
				CLANG_WARN_BLOCK_CAPTURE_AUTORELEASING = YES;
				CLANG_WARN_BOOL_CONVERSION = YES;
				CLANG_WARN_COMMA = YES;
				CLANG_WARN_CONSTANT_CONVERSION = YES;
				CLANG_WARN_DEPRECATED_OBJC_IMPLEMENTATIONS = YES;
				CLANG_WARN_DIRECT_OBJC_ISA_USAGE = YES_ERROR;
				CLANG_WARN_DOCUMENTATION_COMMENTS = YES;
				CLANG_WARN_EMPTY_BODY = YES;
				CLANG_WARN_ENUM_CONVERSION = YES;
				CLANG_WARN_INFINITE_RECURSION = YES;
				CLANG_WARN_INT_CONVERSION = YES;
				CLANG_WARN_NON_LITERAL_NULL_CONVERSION = YES;
				CLANG_WARN_OBJC_IMPLICIT_RETAIN_SELF = YES;
				CLANG_WARN_OBJC_LITERAL_CONVERSION = YES;
				CLANG_WARN_OBJC_ROOT_CLASS = YES_ERROR;
				CLANG_WARN_QUOTED_INCLUDE_IN_FRAMEWORK_HEADER = YES;
				CLANG_WARN_RANGE_LOOP_ANALYSIS = YES;
				CLANG_WARN_STRICT_PROTOTYPES = YES;
				CLANG_WARN_SUSPICIOUS_MOVE = YES;
				CLANG_WARN_UNGUARDED_AVAILABILITY = YES_AGGRESSIVE;
				CLANG_WARN_UNREACHABLE_CODE = YES;
				CLANG_WARN__DUPLICATE_METHOD_MATCH = YES;
				COPY_PHASE_STRIP = NO;
				DEBUG_INFORMATION_FORMAT = dwarf;
				ENABLE_STRICT_OBJC_MSGSEND = YES;
				ENABLE_TESTABILITY = YES;
				GCC_C_LANGUAGE_STANDARD = gnu11;
				GCC_DYNAMIC_NO_PIC = NO;
				GCC_NO_COMMON_BLOCKS = YES;
				GCC_OPTIMIZATION_LEVEL = 0;
				GCC_PREPROCESSOR_DEFINITIONS = (
					"DEBUG=1",
					"$(inherited)",
				);
				GCC_WARN_64_TO_32_BIT_CONVERSION = YES;
				GCC_WARN_ABOUT_RETURN_TYPE = YES_ERROR;
				GCC_WARN_UNDECLARED_SELECTOR = YES;
				GCC_WARN_UNINITIALIZED_AUTOS = YES_AGGRESSIVE;
				GCC_WARN_UNUSED_FUNCTION = YES;
				GCC_WARN_UNUSED_VARIABLE = YES;
				MTL_ENABLE_DEBUG_INFO = INCLUDE_SOURCE;
				MTL_FAST_MATH = YES;
				ONLY_ACTIVE_ARCH = YES;
				SWIFT_ACTIVE_COMPILATION_CONDITIONS = DEBUG;
				SWIFT_OPTIMIZATION_LEVEL = "-Onone";
			};
			name = Debug;
		};
		A77E6FB42A0A56F500BAB472 /* Release */ = {
			isa = XCBuildConfiguration;
			buildSettings = {
				ALWAYS_SEARCH_USER_PATHS = NO;
				CLANG_ANALYZER_NONNULL = YES;
				CLANG_ANALYZER_NUMBER_OBJECT_CONVERSION = YES_AGGRESSIVE;
				CLANG_CXX_LANGUAGE_STANDARD = "gnu++20";
				CLANG_ENABLE_MODULES = YES;
				CLANG_ENABLE_OBJC_ARC = YES;
				CLANG_ENABLE_OBJC_WEAK = YES;
				CLANG_WARN_BLOCK_CAPTURE_AUTORELEASING = YES;
				CLANG_WARN_BOOL_CONVERSION = YES;
				CLANG_WARN_COMMA = YES;
				CLANG_WARN_CONSTANT_CONVERSION = YES;
				CLANG_WARN_DEPRECATED_OBJC_IMPLEMENTATIONS = YES;
				CLANG_WARN_DIRECT_OBJC_ISA_USAGE = YES_ERROR;
				CLANG_WARN_DOCUMENTATION_COMMENTS = YES;
				CLANG_WARN_EMPTY_BODY = YES;
				CLANG_WARN_ENUM_CONVERSION = YES;
				CLANG_WARN_INFINITE_RECURSION = YES;
				CLANG_WARN_INT_CONVERSION = YES;
				CLANG_WARN_NON_LITERAL_NULL_CONVERSION = YES;
				CLANG_WARN_OBJC_IMPLICIT_RETAIN_SELF = YES;
				CLANG_WARN_OBJC_LITERAL_CONVERSION = YES;
				CLANG_WARN_OBJC_ROOT_CLASS = YES_ERROR;
				CLANG_WARN_QUOTED_INCLUDE_IN_FRAMEWORK_HEADER = YES;
				CLANG_WARN_RANGE_LOOP_ANALYSIS = YES;
				CLANG_WARN_STRICT_PROTOTYPES = YES;
				CLANG_WARN_SUSPICIOUS_MOVE = YES;
				CLANG_WARN_UNGUARDED_AVAILABILITY = YES_AGGRESSIVE;
				CLANG_WARN_UNREACHABLE_CODE = YES;
				CLANG_WARN__DUPLICATE_METHOD_MATCH = YES;
				COPY_PHASE_STRIP = NO;
				DEBUG_INFORMATION_FORMAT = "dwarf-with-dsym";
				ENABLE_NS_ASSERTIONS = NO;
				ENABLE_STRICT_OBJC_MSGSEND = YES;
				GCC_C_LANGUAGE_STANDARD = gnu11;
				GCC_NO_COMMON_BLOCKS = YES;
				GCC_WARN_64_TO_32_BIT_CONVERSION = YES;
				GCC_WARN_ABOUT_RETURN_TYPE = YES_ERROR;
				GCC_WARN_UNDECLARED_SELECTOR = YES;
				GCC_WARN_UNINITIALIZED_AUTOS = YES_AGGRESSIVE;
				GCC_WARN_UNUSED_FUNCTION = YES;
				GCC_WARN_UNUSED_VARIABLE = YES;
				MTL_ENABLE_DEBUG_INFO = NO;
				MTL_FAST_MATH = YES;
				SWIFT_COMPILATION_MODE = wholemodule;
				SWIFT_OPTIMIZATION_LEVEL = "-O";
			};
			name = Release;
		};
		A77E6FB62A0A56F600BAB472 /* Debug */ = {
			isa = XCBuildConfiguration;
			buildSettings = {
				ASSETCATALOG_COMPILER_APPICON_NAME = AppIcon;
				ASSETCATALOG_COMPILER_GLOBAL_ACCENT_COLOR_NAME = AccentColor;
				CODE_SIGN_STYLE = Automatic;
				CURRENT_PROJECT_VERSION = 1;
				DEVELOPMENT_ASSET_PATHS = "\"watchos Watch App/Preview Content\"";
				ENABLE_PREVIEWS = YES;
				GENERATE_INFOPLIST_FILE = YES;
				INFOPLIST_KEY_CFBundleDisplayName = watchos;
				INFOPLIST_KEY_UISupportedInterfaceOrientations = "UIInterfaceOrientationPortrait UIInterfaceOrientationPortraitUpsideDown";
				INFOPLIST_KEY_WKWatchOnly = YES;
				LD_RUNPATH_SEARCH_PATHS = (
					"$(inherited)",
					"@executable_path/Frameworks",
				);
				MARKETING_VERSION = 1.0;
				PRODUCT_BUNDLE_IDENTIFIER = "com.how-do-i-get-your-attention.watchos.watchkitapp";
				PRODUCT_NAME = "$(TARGET_NAME)";
				SDKROOT = watchos;
				SKIP_INSTALL = YES;
				SWIFT_EMIT_LOC_STRINGS = YES;
				SWIFT_VERSION = 5.0;
				TARGETED_DEVICE_FAMILY = 4;
				WATCHOS_DEPLOYMENT_TARGET = 9.4;
			};
			name = Debug;
		};
		A77E6FB72A0A56F600BAB472 /* Release */ = {
			isa = XCBuildConfiguration;
			buildSettings = {
				ASSETCATALOG_COMPILER_APPICON_NAME = AppIcon;
				ASSETCATALOG_COMPILER_GLOBAL_ACCENT_COLOR_NAME = AccentColor;
				CODE_SIGN_STYLE = Automatic;
				CURRENT_PROJECT_VERSION = 1;
				DEVELOPMENT_ASSET_PATHS = "\"watchos Watch App/Preview Content\"";
				ENABLE_PREVIEWS = YES;
				GENERATE_INFOPLIST_FILE = YES;
				INFOPLIST_KEY_CFBundleDisplayName = watchos;
				INFOPLIST_KEY_UISupportedInterfaceOrientations = "UIInterfaceOrientationPortrait UIInterfaceOrientationPortraitUpsideDown";
				INFOPLIST_KEY_WKWatchOnly = YES;
				LD_RUNPATH_SEARCH_PATHS = (
					"$(inherited)",
					"@executable_path/Frameworks",
				);
				MARKETING_VERSION = 1.0;
				PRODUCT_BUNDLE_IDENTIFIER = "com.how-do-i-get-your-attention.watchos.watchkitapp";
				PRODUCT_NAME = "$(TARGET_NAME)";
				SDKROOT = watchos;
				SKIP_INSTALL = YES;
				SWIFT_EMIT_LOC_STRINGS = YES;
				SWIFT_VERSION = 5.0;
				TARGETED_DEVICE_FAMILY = 4;
				VALIDATE_PRODUCT = YES;
				WATCHOS_DEPLOYMENT_TARGET = 9.4;
			};
			name = Release;
		};
		A77E6FBA2A0A56F600BAB472 /* Debug */ = {
			isa = XCBuildConfiguration;
			buildSettings = {
				ALWAYS_EMBED_SWIFT_STANDARD_LIBRARIES = YES;
				CODE_SIGN_STYLE = Automatic;
				CURRENT_PROJECT_VERSION = 1;
				INFOPLIST_KEY_CFBundleDisplayName = watchos;
				MARKETING_VERSION = 1.0;
				PRODUCT_BUNDLE_IDENTIFIER = "com.how-do-i-get-your-attention.watchos";
				PRODUCT_NAME = "$(TARGET_NAME)";
				SDKROOT = iphoneos;
				SWIFT_VERSION = 5.0;
			};
			name = Debug;
		};
		A77E6FBB2A0A56F600BAB472 /* Release */ = {
			isa = XCBuildConfiguration;
			buildSettings = {
				ALWAYS_EMBED_SWIFT_STANDARD_LIBRARIES = YES;
				CODE_SIGN_STYLE = Automatic;
				CURRENT_PROJECT_VERSION = 1;
				INFOPLIST_KEY_CFBundleDisplayName = watchos;
				MARKETING_VERSION = 1.0;
				PRODUCT_BUNDLE_IDENTIFIER = "com.how-do-i-get-your-attention.watchos";
				PRODUCT_NAME = "$(TARGET_NAME)";
				SDKROOT = iphoneos;
				SWIFT_VERSION = 5.0;
				VALIDATE_PRODUCT = YES;
			};
			name = Release;
		};
/* End XCBuildConfiguration section */

/* Begin XCConfigurationList section */
		A77E6F9C2A0A56F400BAB472 /* Build configuration list for PBXProject "watchos" */ = {
			isa = XCConfigurationList;
			buildConfigurations = (
				A77E6FB32A0A56F500BAB472 /* Debug */,
				A77E6FB42A0A56F500BAB472 /* Release */,
			);
			defaultConfigurationIsVisible = 0;
			defaultConfigurationName = Release;
		};
		A77E6FB52A0A56F600BAB472 /* Build configuration list for PBXNativeTarget "watchos Watch App" */ = {
			isa = XCConfigurationList;
			buildConfigurations = (
				A77E6FB62A0A56F600BAB472 /* Debug */,
				A77E6FB72A0A56F600BAB472 /* Release */,
			);
			defaultConfigurationIsVisible = 0;
			defaultConfigurationName = Release;
		};
		A77E6FB92A0A56F600BAB472 /* Build configuration list for PBXNativeTarget "watchos" */ = {
			isa = XCConfigurationList;
			buildConfigurations = (
				A77E6FBA2A0A56F600BAB472 /* Debug */,
				A77E6FBB2A0A56F600BAB472 /* Release */,
			);
			defaultConfigurationIsVisible = 0;
			defaultConfigurationName = Release;
		};
/* End XCConfigurationList section */
	};
	rootObject = A77E6F992A0A56F400BAB472 /* Project object */;
}
